{
  "name": "@compulim/workflow-test-artifact-root",
  "version": "0.1.0-0",
  "lockfileVersion": 3,
  "requires": true,
  "packages": {
    "": {
      "name": "@compulim/workflow-test-artifact-root",
      "version": "0.1.0-0",
      "workspaces": [
        "packages/workflow-test-artifact",
        "packages/pages",
        "packages/integration-test"
      ]
    },
    "node_modules/@compulim/workflow-test-artifact": {
      "resolved": "packages/workflow-test-artifact",
      "link": true
    },
    "node_modules/@compulim/workflow-test-artifact-integration-test": {
      "resolved": "packages/integration-test",
      "link": true
    },
    "node_modules/@compulim/workflow-test-artifact-pages": {
      "resolved": "packages/pages",
      "link": true
    },
    "packages/integration-test": {
      "name": "@compulim/workflow-test-artifact-integration-test",
      "version": "0.0.0-0",
      "license": "MIT",
      "devDependencies": {
        "@compulim/workflow-test-artifact": "^0.0.0-0"
      }
    },
    "packages/pages": {
      "name": "@compulim/workflow-test-artifact-pages",
      "version": "0.0.0-0",
      "license": "MIT",
      "devDependencies": {
        "@compulim/workflow-test-artifact": "^0.0.0-0"
      }
    },
    "packages/workflow-test-artifact": {
      "name": "@compulim/workflow-test-artifact",
      "version": "0.0.0-0",
      "license": "MIT",
      "devDependencies": {}
    }
  }
}
